
Microsoft Visual Studio Solution File, Format Version 12.00
# Visual Studio Version 17
VisualStudioVersion = 17.0.32014.148
MinimumVisualStudioVersion = 10.0.40219.1
Project("{FAE04EC0-301F-11D3-BF4B-00C04F79EFBC}") = "Tempa.Server", "Tempa\Server\Tempa.Server.csproj", "{1368B660-B990-4D3B-8F45-190D74308510}"
EndProject
Project("{FAE04EC0-301F-11D3-BF4B-00C04F79EFBC}") = "Tempa.Client", "Tempa\Client\Tempa.Client.csproj", "{789DF2E9-B724-42A0-9458-71FFA1A72523}"
EndProject
Project("{FAE04EC0-301F-11D3-BF4B-00C04F79EFBC}") = "Tempa.Shared", "Tempa\Shared\Tempa.Shared.csproj", "{49C836D2-57E9-40AC-8B8F-6638CA62F0EF}"
EndProject
Global
	GlobalSection(SolutionConfigurationPlatforms) = preSolution
		Debug|Any CPU = Debug|Any CPU
		Release|Any CPU = Release|Any CPU
	EndGlobalSection
	GlobalSection(ProjectConfigurationPlatforms) = postSolution
		{1368B660-B990-4D3B-8F45-190D74308510}.Debug|Any CPU.ActiveCfg = Debug|Any CPU
		{1368B660-B990-4D3B-8F45-190D74308510}.Debug|Any CPU.Build.0 = Debug|Any CPU
		{1368B660-B990-4D3B-8F45-190D74308510}.Release|Any CPU.ActiveCfg = Release|Any CPU
		{1368B660-B990-4D3B-8F45-190D74308510}.Release|Any CPU.Build.0 = Release|Any CPU
		{789DF2E9-B724-42A0-9458-71FFA1A72523}.Debug|Any CPU.ActiveCfg = Debug|Any CPU
		{789DF2E9-B724-42A0-9458-71FFA1A72523}.Debug|Any CPU.Build.0 = Debug|Any CPU
		{789DF2E9-B724-42A0-9458-71FFA1A72523}.Release|Any CPU.ActiveCfg = Release|Any CPU
		{789DF2E9-B724-42A0-9458-71FFA1A72523}.Release|Any CPU.Build.0 = Release|Any CPU
		{49C836D2-57E9-40AC-8B8F-6638CA62F0EF}.Debug|Any CPU.ActiveCfg = Debug|Any CPU
		{49C836D2-57E9-40AC-8B8F-6638CA62F0EF}.Debug|Any CPU.Build.0 = Debug|Any CPU
		{49C836D2-57E9-40AC-8B8F-6638CA62F0EF}.Release|Any CPU.ActiveCfg = Release|Any CPU
		{49C836D2-57E9-40AC-8B8F-6638CA62F0EF}.Release|Any CPU.Build.0 = Release|Any CPU
	EndGlobalSection
	GlobalSection(SolutionProperties) = preSolution
		HideSolutionNode = FALSE
	EndGlobalSection
	GlobalSection(ExtensibilityGlobals) = postSolution
		SolutionGuid = {283B08CF-76E1-4E33-934C-07423E9044CA}
	EndGlobalSection
EndGlobal
